
Microsoft Visual Studio Solution File, Format Version 12.00
# Visual Studio Version 16
VisualStudioVersion = 16.0.34407.143
MinimumVisualStudioVersion = 10.0.40219.1
Project("{FAE04EC0-301F-11D3-BF4B-00C04F79EFBC}") = "DateTimeAssignment", "DateTimeAssignment\DateTimeAssignment.csproj", "{497D64B0-C50E-4187-95AA-2439A436D63C}"
EndProject
Global
	GlobalSection(SolutionConfigurationPlatforms) = preSolution
		Debug|Any CPU = Debug|Any CPU
		Release|Any CPU = Release|Any CPU
	EndGlobalSection
	GlobalSection(ProjectConfigurationPlatforms) = postSolution
		{497D64B0-C50E-4187-95AA-2439A436D63C}.Debug|Any CPU.ActiveCfg = Debug|Any CPU
		{497D64B0-C50E-4187-95AA-2439A436D63C}.Debug|Any CPU.Build.0 = Debug|Any CPU
		{497D64B0-C50E-4187-95AA-2439A436D63C}.Release|Any CPU.ActiveCfg = Release|Any CPU
		{497D64B0-C50E-4187-95AA-2439A436D63C}.Release|Any CPU.Build.0 = Release|Any CPU
	EndGlobalSection
	GlobalSection(SolutionProperties) = preSolution
		HideSolutionNode = FALSE
	EndGlobalSection
	GlobalSection(ExtensibilityGlobals) = postSolution
		SolutionGuid = {91EFD81F-0721-40BB-9ACC-907D7D2427B4}
	EndGlobalSection
EndGlobal
